
Microsoft Visual Studio Solution File, Format Version 12.00
# Visual Studio Version 16
VisualStudioVersion = 16.0.32002.261
MinimumVisualStudioVersion = 10.0.40219.1
Project("{FAE04EC0-301F-11D3-BF4B-00C04F79EFBC}") = "JsonRenamer", "JsonRenamer\JsonRenamer.csproj", "{4BAB0EEB-61DB-4620-84C4-539DF7842107}"
EndProject
Global
	GlobalSection(SolutionConfigurationPlatforms) = preSolution
		Debug|Any CPU = Debug|Any CPU
		Release|Any CPU = Release|Any CPU
	EndGlobalSection
	GlobalSection(ProjectConfigurationPlatforms) = postSolution
		{4BAB0EEB-61DB-4620-84C4-539DF7842107}.Debug|Any CPU.ActiveCfg = Debug|Any CPU
		{4BAB0EEB-61DB-4620-84C4-539DF7842107}.Debug|Any CPU.Build.0 = Debug|Any CPU
		{4BAB0EEB-61DB-4620-84C4-539DF7842107}.Release|Any CPU.ActiveCfg = Release|Any CPU
		{4BAB0EEB-61DB-4620-84C4-539DF7842107}.Release|Any CPU.Build.0 = Release|Any CPU
	EndGlobalSection
	GlobalSection(SolutionProperties) = preSolution
		HideSolutionNode = FALSE
	EndGlobalSection
	GlobalSection(ExtensibilityGlobals) = postSolution
		SolutionGuid = {291AD2B9-01BD-4330-9958-3929E0E7DCC5}
	EndGlobalSection
EndGlobal
